// !$*UTF8*$!
{
	archiveVersion = 1;
	classes = {
	};
	objectVersion = 46;
	objects = {

/* Begin PBXBuildFile section */
		635894151C3DE2D900741F40 /* main.cpp in Sources */ = {isa = PBXBuildFile; fileRef = 635894141C3DE2D900741F40 /* main.cpp */; };
		635894211C3DF69000741F40 /* StickFigure.cpp in Sources */ = {isa = PBXBuildFile; fileRef = 6358941F1C3DF69000741F40 /* StickFigure.cpp */; };
		635894241C3DF6B400741F40 /* Circle.cpp in Sources */ = {isa = PBXBuildFile; fileRef = 635894221C3DF6B400741F40 /* Circle.cpp */; };
/* End PBXBuildFile section */

/* Begin PBXCopyFilesBuildPhase section */
		6358940F1C3DE2D900741F40 /* CopyFiles */ = {
			isa = PBXCopyFilesBuildPhase;
			buildActionMask = 2147483647;
			dstPath = /usr/share/man/man1/;
			dstSubfolderSpec = 0;
			files = (
			);
			runOnlyForDeploymentPostprocessing = 1;
		};
/* End PBXCopyFilesBuildPhase section */

/* Begin PBXFileReference section */
		635894111C3DE2D900741F40 /* CS32-Notes-Lecture2 */ = {isa = PBXFileReference; explicitFileType = "compiled.mach-o.executable"; includeInIndex = 0; path = "CS32-Notes-Lecture2"; sourceTree = BUILT_PRODUCTS_DIR; };
		635894141C3DE2D900741F40 /* main.cpp */ = {isa = PBXFileReference; lastKnownFileType = sourcecode.cpp.cpp; path = main.cpp; sourceTree = "<group>"; };
		6358941F1C3DF69000741F40 /* StickFigure.cpp */ = {isa = PBXFileReference; fileEncoding = 4; lastKnownFileType = sourcecode.cpp.cpp; path = StickFigure.cpp; sourceTree = "<group>"; };
		635894201C3DF69000741F40 /* StickFigure.h */ = {isa = PBXFileReference; fileEncoding = 4; lastKnownFileType = sourcecode.c.h; path = StickFigure.h; sourceTree = "<group>"; };
		635894221C3DF6B400741F40 /* Circle.cpp */ = {isa = PBXFileReference; fileEncoding = 4; lastKnownFileType = sourcecode.cpp.cpp; path = Circle.cpp; sourceTree = "<group>"; };
		635894231C3DF6B400741F40 /* Circle.h */ = {isa = PBXFileReference; fileEncoding = 4; lastKnownFileType = sourcecode.c.h; path = Circle.h; sourceTree = "<group>"; };
/* End PBXFileReference section */

/* Begin PBXFrameworksBuildPhase section */
		6358940E1C3DE2D900741F40 /* Frameworks */ = {
			isa = PBXFrameworksBuildPhase;
			buildActionMask = 2147483647;
			files = (
			);
			runOnlyForDeploymentPostprocessing = 0;
		};
/* End PBXFrameworksBuildPhase section */

/* Begin PBXGroup section */
		635894081C3DE2D900741F40 = {
			isa = PBXGroup;
			children = (
				635894131C3DE2D900741F40 /* CS32-Notes-Lecture2 */,
				635894121C3DE2D900741F40 /* Products */,
			);
			sourceTree = "<group>";
		};
		635894121C3DE2D900741F40 /* Products */ = {
			isa = PBXGroup;
			children = (
				635894111C3DE2D900741F40 /* CS32-Notes-Lecture2 */,
			);
			name = Products;
			sourceTree = "<group>";
		};
		635894131C3DE2D900741F40 /* CS32-Notes-Lecture2 */ = {
			isa = PBXGroup;
			children = (
				635894141C3DE2D900741F40 /* main.cpp */,
				6358941F1C3DF69000741F40 /* StickFigure.cpp */,
				635894201C3DF69000741F40 /* StickFigure.h */,
				635894221C3DF6B400741F40 /* Circle.cpp */,
				635894231C3DF6B400741F40 /* Circle.h */,
			);
			path = "CS32-Notes-Lecture2";
			sourceTree = "<group>";
		};
/* End PBXGroup section */

/* Begin PBXNativeTarget section */
		635894101C3DE2D900741F40 /* CS32-Notes-Lecture2 */ = {
			isa = PBXNativeTarget;
			buildConfigurationList = 635894181C3DE2D900741F40 /* Build configuration list for PBXNativeTarget "CS32-Notes-Lecture2" */;
			buildPhases = (
				6358940D1C3DE2D900741F40 /* Sources */,
				6358940E1C3DE2D900741F40 /* Frameworks */,
				6358940F1C3DE2D900741F40 /* CopyFiles */,
			);
			buildRules = (
			);
			dependencies = (
			);
			name = "CS32-Notes-Lecture2";
			productName = "CS32-Notes-Lecture2";
			productReference = 635894111C3DE2D900741F40 /* CS32-Notes-Lecture2 */;
			productType = "com.apple.product-type.tool";
		};
/* End PBXNativeTarget section */

/* Begin PBXProject section */
		635894091C3DE2D900741F40 /* Project object */ = {
			isa = PBXProject;
			attributes = {
				LastUpgradeCheck = 0720;
				ORGANIZATIONNAME = "Matthew Kuzdal";
				TargetAttributes = {
					635894101C3DE2D900741F40 = {
						CreatedOnToolsVersion = 7.2;
					};
				};
			};
			buildConfigurationList = 6358940C1C3DE2D900741F40 /* Build configuration list for PBXProject "CS32-Notes-Lecture2" */;
			compatibilityVersion = "Xcode 3.2";
			developmentRegion = English;
			hasScannedForEncodings = 0;
			knownRegions = (
				en,
			);
			mainGroup = 635894081C3DE2D900741F40;
			productRefGroup = 635894121C3DE2D900741F40 /* Products */;
			projectDirPath = "";
			projectRoot = "";
			targets = (
				635894101C3DE2D900741F40 /* CS32-Notes-Lecture2 */,
			);
		};
/* End PBXProject section */

/* Begin PBXSourcesBuildPhase section */
		6358940D1C3DE2D900741F40 /* Sources */ = {
			isa = PBXSourcesBuildPhase;
			buildActionMask = 2147483647;
			files = (
				635894241C3DF6B400741F40 /* Circle.cpp in Sources */,
				635894211C3DF69000741F40 /* StickFigure.cpp in Sources */,
				635894151C3DE2D900741F40 /* main.cpp in Sources */,
			);
			runOnlyForDeploymentPostprocessing = 0;
		};
/* End PBXSourcesBuildPhase section */

/* Begin XCBuildConfiguration section */
		635894161C3DE2D900741F40 /* Debug */ = {
			isa = XCBuildConfiguration;
			buildSettings = {
				ALWAYS_SEARCH_USER_PATHS = NO;
				CLANG_CXX_LANGUAGE_STANDARD = "gnu++0x";
				CLANG_CXX_LIBRARY = "libc++";
				CLANG_ENABLE_MODULES = YES;
				CLANG_ENABLE_OBJC_ARC = YES;
				CLANG_WARN_BOOL_CONVERSION = YES;
				CLANG_WARN_CONSTANT_CONVERSION = YES;
				CLANG_WARN_DIRECT_OBJC_ISA_USAGE = YES_ERROR;
				CLANG_WARN_EMPTY_BODY = YES;
				CLANG_WARN_ENUM_CONVERSION = YES;
				CLANG_WARN_INT_CONVERSION = YES;
				CLANG_WARN_OBJC_ROOT_CLASS = YES_ERROR;
				CLANG_WARN_UNREACHABLE_CODE = YES;
				CLANG_WARN__DUPLICATE_METHOD_MATCH = YES;
				CODE_SIGN_IDENTITY = "-";
				COPY_PHASE_STRIP = NO;
				DEBUG_INFORMATION_FORMAT = dwarf;
				ENABLE_STRICT_OBJC_MSGSEND = YES;
				ENABLE_TESTABILITY = YES;
				GCC_C_LANGUAGE_STANDARD = gnu99;
				GCC_DYNAMIC_NO_PIC = NO;
				GCC_NO_COMMON_BLOCKS = YES;
				GCC_OPTIMIZATION_LEVEL = 0;
				GCC_PREPROCESSOR_DEFINITIONS = (
					"DEBUG=1",
					"$(inherited)",
				);
				GCC_WARN_64_TO_32_BIT_CONVERSION = YES;
				GCC_WARN_ABOUT_RETURN_TYPE = YES_ERROR;
				GCC_WARN_UNDECLARED_SELECTOR = YES;
				GCC_WARN_UNINITIALIZED_AUTOS = YES_AGGRESSIVE;
				GCC_WARN_UNUSED_FUNCTION = YES;
				GCC_WARN_UNUSED_VARIABLE = YES;
				MACOSX_DEPLOYMENT_TARGET = 10.10;
				MTL_ENABLE_DEBUG_INFO = YES;
				ONLY_ACTIVE_ARCH = YES;
				SDKROOT = macosx;
			};
			name = Debug;
		};
		635894171C3DE2D900741F40 /* Release */ = {
			isa = XCBuildConfiguration;
			buildSettings = {
				ALWAYS_SEARCH_USER_PATHS = NO;
				CLANG_CXX_LANGUAGE_STANDARD = "gnu++0x";
				CLANG_CXX_LIBRARY = "libc++";
				CLANG_ENABLE_MODULES = YES;
				CLANG_ENABLE_OBJC_ARC = YES;
				CLANG_WARN_BOOL_CONVERSION = YES;
				CLANG_WARN_CONSTANT_CONVERSION = YES;
				CLANG_WARN_DIRECT_OBJC_ISA_USAGE = YES_ERROR;
				CLANG_WARN_EMPTY_BODY = YES;
				CLANG_WARN_ENUM_CONVERSION = YES;
				CLANG_WARN_INT_CONVERSION = YES;
				CLANG_WARN_OBJC_ROOT_CLASS = YES_ERROR;
				CLANG_WARN_UNREACHABLE_CODE = YES;
				CLANG_WARN__DUPLICATE_METHOD_MATCH = YES;
				CODE_SIGN_IDENTITY = "-";
				COPY_PHASE_STRIP = NO;
				DEBUG_INFORMATION_FORMAT = "dwarf-with-dsym";
				ENABLE_NS_ASSERTIONS = NO;
				ENABLE_STRICT_OBJC_MSGSEND = YES;
				GCC_C_LANGUAGE_STANDARD = gnu99;
				GCC_NO_COMMON_BLOCKS = YES;
				GCC_WARN_64_TO_32_BIT_CONVERSION = YES;
				GCC_WARN_ABOUT_RETURN_TYPE = YES_ERROR;
				GCC_WARN_UNDECLARED_SELECTOR = YES;
				GCC_WARN_UNINITIALIZED_AUTOS = YES_AGGRESSIVE;
				GCC_WARN_UNUSED_FUNCTION = YES;
				GCC_WARN_UNUSED_VARIABLE = YES;
				MACOSX_DEPLOYMENT_TARGET = 10.10;
				MTL_ENABLE_DEBUG_INFO = NO;
				SDKROOT = macosx;
			};
			name = Release;
		};
		635894191C3DE2D900741F40 /* Debug */ = {
			isa = XCBuildConfiguration;
			buildSettings = {
				PRODUCT_NAME = "$(TARGET_NAME)";
			};
			name = Debug;
		};
		6358941A1C3DE2D900741F40 /* Release */ = {
			isa = XCBuildConfiguration;
			buildSettings = {
				PRODUCT_NAME = "$(TARGET_NAME)";
			};
			name = Release;
		};
/* End XCBuildConfiguration section */

/* Begin XCConfigurationList section */
		6358940C1C3DE2D900741F40 /* Build configuration list for PBXProject "CS32-Notes-Lecture2" */ = {
			isa = XCConfigurationList;
			buildConfigurations = (
				635894161C3DE2D900741F40 /* Debug */,
				635894171C3DE2D900741F40 /* Release */,
			);
			defaultConfigurationIsVisible = 0;
			defaultConfigurationName = Release;
		};
		635894181C3DE2D900741F40 /* Build configuration list for PBXNativeTarget "CS32-Notes-Lecture2" */ = {
			isa = XCConfigurationList;
			buildConfigurations = (
				635894191C3DE2D900741F40 /* Debug */,
				6358941A1C3DE2D900741F40 /* Release */,
			);
			defaultConfigurationIsVisible = 0;
			defaultConfigurationName = Release;
		};
/* End XCConfigurationList section */
	};
	rootObject = 635894091C3DE2D900741F40 /* Project object */;
}
